
Microsoft Visual Studio Solution File, Format Version 12.00
# Visual Studio Version 17
VisualStudioVersion = 17.11.35327.3
MinimumVisualStudioVersion = 10.0.40219.1
Project("{FAE04EC0-301F-11D3-BF4B-00C04F79EFBC}") = "Agenda", "Agenda\Agenda.csproj", "{AB860F9E-8E36-463F-B182-77DBE9DD5600}"
EndProject
Project("{FAE04EC0-301F-11D3-BF4B-00C04F79EFBC}") = "CapaNegocio", "CapaNegocio\CapaNegocio.csproj", "{CEE30057-0CFD-4DAA-A25F-6515C07B56FF}"
EndProject
Project("{FAE04EC0-301F-11D3-BF4B-00C04F79EFBC}") = "CapaDatos", "CapaDatos\CapaDatos.csproj", "{71C9EAAA-250C-4FC0-840E-4B569716621F}"
EndProject
Project("{FAE04EC0-301F-11D3-BF4B-00C04F79EFBC}") = "CapaEntidad", "CapaEntidad\CapaEntidad.csproj", "{FCBD8675-5EC1-4BF0-BC22-E237AF2B25C7}"
EndProject
Global
	GlobalSection(SolutionConfigurationPlatforms) = preSolution
		Debug|Any CPU = Debug|Any CPU
		Release|Any CPU = Release|Any CPU
	EndGlobalSection
	GlobalSection(ProjectConfigurationPlatforms) = postSolution
		{AB860F9E-8E36-463F-B182-77DBE9DD5600}.Debug|Any CPU.ActiveCfg = Debug|Any CPU
		{AB860F9E-8E36-463F-B182-77DBE9DD5600}.Debug|Any CPU.Build.0 = Debug|Any CPU
		{AB860F9E-8E36-463F-B182-77DBE9DD5600}.Release|Any CPU.ActiveCfg = Release|Any CPU
		{AB860F9E-8E36-463F-B182-77DBE9DD5600}.Release|Any CPU.Build.0 = Release|Any CPU
		{CEE30057-0CFD-4DAA-A25F-6515C07B56FF}.Debug|Any CPU.ActiveCfg = Debug|Any CPU
		{CEE30057-0CFD-4DAA-A25F-6515C07B56FF}.Debug|Any CPU.Build.0 = Debug|Any CPU
		{CEE30057-0CFD-4DAA-A25F-6515C07B56FF}.Release|Any CPU.ActiveCfg = Release|Any CPU
		{CEE30057-0CFD-4DAA-A25F-6515C07B56FF}.Release|Any CPU.Build.0 = Release|Any CPU
		{71C9EAAA-250C-4FC0-840E-4B569716621F}.Debug|Any CPU.ActiveCfg = Debug|Any CPU
		{71C9EAAA-250C-4FC0-840E-4B569716621F}.Debug|Any CPU.Build.0 = Debug|Any CPU
		{71C9EAAA-250C-4FC0-840E-4B569716621F}.Release|Any CPU.ActiveCfg = Release|Any CPU
		{71C9EAAA-250C-4FC0-840E-4B569716621F}.Release|Any CPU.Build.0 = Release|Any CPU
		{FCBD8675-5EC1-4BF0-BC22-E237AF2B25C7}.Debug|Any CPU.ActiveCfg = Debug|Any CPU
		{FCBD8675-5EC1-4BF0-BC22-E237AF2B25C7}.Debug|Any CPU.Build.0 = Debug|Any CPU
		{FCBD8675-5EC1-4BF0-BC22-E237AF2B25C7}.Release|Any CPU.ActiveCfg = Release|Any CPU
		{FCBD8675-5EC1-4BF0-BC22-E237AF2B25C7}.Release|Any CPU.Build.0 = Release|Any CPU
	EndGlobalSection
	GlobalSection(SolutionProperties) = preSolution
		HideSolutionNode = FALSE
	EndGlobalSection
	GlobalSection(ExtensibilityGlobals) = postSolution
		SolutionGuid = {E0E2442B-2795-47D7-A344-7D8845978AD2}
	EndGlobalSection
EndGlobal
